
Microsoft Visual Studio Solution File, Format Version 12.00
# Visual Studio Version 16
VisualStudioVersion = 16.0.31025.194
MinimumVisualStudioVersion = 10.0.40219.1
Project("{9A19103F-16F7-4668-BE54-9A1E7A4F7556}") = "Micro-Ejemplo", "Micro-Ejemplo.csproj", "{7252BCDE-E04E-472E-8799-D6D938D68FA7}"
EndProject
Global
	GlobalSection(SolutionConfigurationPlatforms) = preSolution
		Debug|Any CPU = Debug|Any CPU
		Release|Any CPU = Release|Any CPU
	EndGlobalSection
	GlobalSection(ProjectConfigurationPlatforms) = postSolution
		{7252BCDE-E04E-472E-8799-D6D938D68FA7}.Debug|Any CPU.ActiveCfg = Debug|Any CPU
		{7252BCDE-E04E-472E-8799-D6D938D68FA7}.Debug|Any CPU.Build.0 = Debug|Any CPU
		{7252BCDE-E04E-472E-8799-D6D938D68FA7}.Release|Any CPU.ActiveCfg = Release|Any CPU
		{7252BCDE-E04E-472E-8799-D6D938D68FA7}.Release|Any CPU.Build.0 = Release|Any CPU
	EndGlobalSection
	GlobalSection(SolutionProperties) = preSolution
		HideSolutionNode = FALSE
	EndGlobalSection
	GlobalSection(ExtensibilityGlobals) = postSolution
		SolutionGuid = {3B289C8F-C61F-4D84-BE4F-6D350891A91D}
	EndGlobalSection
EndGlobal
